// !$*UTF8*$!
{
	archiveVersion = 1;
	classes = {
	};
	objectVersion = 46;
	objects = {

/* Begin PBXBuildFile section */
		70A6DA2C1A9ED88C0091946B /* AppDelegate.swift in Sources */ = {isa = PBXBuildFile; fileRef = 70A6DA2B1A9ED88C0091946B /* AppDelegate.swift */; };
		70A6DA311A9ED88C0091946B /* Main.storyboard in Resources */ = {isa = PBXBuildFile; fileRef = 70A6DA2F1A9ED88C0091946B /* Main.storyboard */; };
		70A6DA331A9ED88C0091946B /* Images.xcassets in Resources */ = {isa = PBXBuildFile; fileRef = 70A6DA321A9ED88C0091946B /* Images.xcassets */; };
		70A6DA361A9ED88C0091946B /* LaunchScreen.xib in Resources */ = {isa = PBXBuildFile; fileRef = 70A6DA341A9ED88C0091946B /* LaunchScreen.xib */; };
		70A6DA421A9ED88C0091946B /* Photo_AppTests.swift in Sources */ = {isa = PBXBuildFile; fileRef = 70A6DA411A9ED88C0091946B /* Photo_AppTests.swift */; };
		70EBEE3F1AA548FD00E5ACF4 /* CameraRollViewController.swift in Sources */ = {isa = PBXBuildFile; fileRef = 70EBEE3E1AA548FD00E5ACF4 /* CameraRollViewController.swift */; };
		D40037E71AAF8207006901D7 /* Photos.framework in Frameworks */ = {isa = PBXBuildFile; fileRef = D40037E61AAF8207006901D7 /* Photos.framework */; };
		D40037E91AAF8E7C006901D7 /* PhotoCell.swift in Sources */ = {isa = PBXBuildFile; fileRef = D40037E81AAF8E7C006901D7 /* PhotoCell.swift */; };
		D4CC5D0C1AAE7FEF004BEF37 /* PhotoCollectionViewController.swift in Sources */ = {isa = PBXBuildFile; fileRef = D4CC5D0B1AAE7FEF004BEF37 /* PhotoCollectionViewController.swift */; };
		D4CC5D0E1AAE8002004BEF37 /* PhotoDetailViewController.swift in Sources */ = {isa = PBXBuildFile; fileRef = D4CC5D0D1AAE8002004BEF37 /* PhotoDetailViewController.swift */; };
/* End PBXBuildFile section */

/* Begin PBXContainerItemProxy section */
		70A6DA3C1A9ED88C0091946B /* PBXContainerItemProxy */ = {
			isa = PBXContainerItemProxy;
			containerPortal = 70A6DA1E1A9ED88C0091946B /* Project object */;
			proxyType = 1;
			remoteGlobalIDString = 70A6DA251A9ED88C0091946B;
			remoteInfo = "Photo App";
		};
/* End PBXContainerItemProxy section */

/* Begin PBXFileReference section */
		70A6DA261A9ED88C0091946B /* Photo App.app */ = {isa = PBXFileReference; explicitFileType = wrapper.application; includeInIndex = 0; path = "Photo App.app"; sourceTree = BUILT_PRODUCTS_DIR; };
		70A6DA2A1A9ED88C0091946B /* Info.plist */ = {isa = PBXFileReference; lastKnownFileType = text.plist.xml; path = Info.plist; sourceTree = "<group>"; };
		70A6DA2B1A9ED88C0091946B /* AppDelegate.swift */ = {isa = PBXFileReference; lastKnownFileType = sourcecode.swift; path = AppDelegate.swift; sourceTree = "<group>"; };
		70A6DA301A9ED88C0091946B /* Base */ = {isa = PBXFileReference; lastKnownFileType = file.storyboard; name = Base; path = Base.lproj/Main.storyboard; sourceTree = "<group>"; };
		70A6DA321A9ED88C0091946B /* Images.xcassets */ = {isa = PBXFileReference; lastKnownFileType = folder.assetcatalog; path = Images.xcassets; sourceTree = "<group>"; };
		70A6DA351A9ED88C0091946B /* Base */ = {isa = PBXFileReference; lastKnownFileType = file.xib; name = Base; path = Base.lproj/LaunchScreen.xib; sourceTree = "<group>"; };
		70A6DA3B1A9ED88C0091946B /* Photo AppTests.xctest */ = {isa = PBXFileReference; explicitFileType = wrapper.cfbundle; includeInIndex = 0; path = "Photo AppTests.xctest"; sourceTree = BUILT_PRODUCTS_DIR; };
		70A6DA401A9ED88C0091946B /* Info.plist */ = {isa = PBXFileReference; lastKnownFileType = text.plist.xml; path = Info.plist; sourceTree = "<group>"; };
		70A6DA411A9ED88C0091946B /* Photo_AppTests.swift */ = {isa = PBXFileReference; lastKnownFileType = sourcecode.swift; path = Photo_AppTests.swift; sourceTree = "<group>"; };
		70EBEE3E1AA548FD00E5ACF4 /* CameraRollViewController.swift */ = {isa = PBXFileReference; fileEncoding = 4; lastKnownFileType = sourcecode.swift; path = CameraRollViewController.swift; sourceTree = "<group>"; };
		D40037E61AAF8207006901D7 /* Photos.framework */ = {isa = PBXFileReference; lastKnownFileType = wrapper.framework; name = Photos.framework; path = System/Library/Frameworks/Photos.framework; sourceTree = SDKROOT; };
		D40037E81AAF8E7C006901D7 /* PhotoCell.swift */ = {isa = PBXFileReference; fileEncoding = 4; lastKnownFileType = sourcecode.swift; path = PhotoCell.swift; sourceTree = "<group>"; };
		D4CC5D0B1AAE7FEF004BEF37 /* PhotoCollectionViewController.swift */ = {isa = PBXFileReference; fileEncoding = 4; lastKnownFileType = sourcecode.swift; path = PhotoCollectionViewController.swift; sourceTree = "<group>"; };
		D4CC5D0D1AAE8002004BEF37 /* PhotoDetailViewController.swift */ = {isa = PBXFileReference; fileEncoding = 4; lastKnownFileType = sourcecode.swift; path = PhotoDetailViewController.swift; sourceTree = "<group>"; };
/* End PBXFileReference section */

/* Begin PBXFrameworksBuildPhase section */
		70A6DA231A9ED88C0091946B /* Frameworks */ = {
			isa = PBXFrameworksBuildPhase;
			buildActionMask = 2147483647;
			files = (
				D40037E71AAF8207006901D7 /* Photos.framework in Frameworks */,
			);
			runOnlyForDeploymentPostprocessing = 0;
		};
		70A6DA381A9ED88C0091946B /* Frameworks */ = {
			isa = PBXFrameworksBuildPhase;
			buildActionMask = 2147483647;
			files = (
			);
			runOnlyForDeploymentPostprocessing = 0;
		};
/* End PBXFrameworksBuildPhase section */

/* Begin PBXGroup section */
		70A6DA1D1A9ED88C0091946B = {
			isa = PBXGroup;
			children = (
				D40037E61AAF8207006901D7 /* Photos.framework */,
				70A6DA281A9ED88C0091946B /* Photo App */,
				70A6DA3E1A9ED88C0091946B /* Photo AppTests */,
				70A6DA271A9ED88C0091946B /* Products */,
			);
			sourceTree = "<group>";
		};
		70A6DA271A9ED88C0091946B /* Products */ = {
			isa = PBXGroup;
			children = (
				70A6DA261A9ED88C0091946B /* Photo App.app */,
				70A6DA3B1A9ED88C0091946B /* Photo AppTests.xctest */,
			);
			name = Products;
			sourceTree = "<group>";
		};
		70A6DA281A9ED88C0091946B /* Photo App */ = {
			isa = PBXGroup;
			children = (
				70A6DA2B1A9ED88C0091946B /* AppDelegate.swift */,
				70A6DA2F1A9ED88C0091946B /* Main.storyboard */,
				D4CC5D0B1AAE7FEF004BEF37 /* PhotoCollectionViewController.swift */,
				D40037E81AAF8E7C006901D7 /* PhotoCell.swift */,
				D4CC5D0D1AAE8002004BEF37 /* PhotoDetailViewController.swift */,
				70EBEE3E1AA548FD00E5ACF4 /* CameraRollViewController.swift */,
				70A6DA321A9ED88C0091946B /* Images.xcassets */,
				70A6DA341A9ED88C0091946B /* LaunchScreen.xib */,
				70A6DA291A9ED88C0091946B /* Supporting Files */,
			);
			path = "Photo App";
			sourceTree = "<group>";
		};
		70A6DA291A9ED88C0091946B /* Supporting Files */ = {
			isa = PBXGroup;
			children = (
				70A6DA2A1A9ED88C0091946B /* Info.plist */,
			);
			name = "Supporting Files";
			sourceTree = "<group>";
		};
		70A6DA3E1A9ED88C0091946B /* Photo AppTests */ = {
			isa = PBXGroup;
			children = (
				70A6DA411A9ED88C0091946B /* Photo_AppTests.swift */,
				70A6DA3F1A9ED88C0091946B /* Supporting Files */,
			);
			path = "Photo AppTests";
			sourceTree = "<group>";
		};
		70A6DA3F1A9ED88C0091946B /* Supporting Files */ = {
			isa = PBXGroup;
			children = (
				70A6DA401A9ED88C0091946B /* Info.plist */,
			);
			name = "Supporting Files";
			sourceTree = "<group>";
		};
/* End PBXGroup section */

/* Begin PBXNativeTarget section */
		70A6DA251A9ED88C0091946B /* Photo App */ = {
			isa = PBXNativeTarget;
			buildConfigurationList = 70A6DA451A9ED88C0091946B /* Build configuration list for PBXNativeTarget "Photo App" */;
			buildPhases = (
				70A6DA221A9ED88C0091946B /* Sources */,
				70A6DA231A9ED88C0091946B /* Frameworks */,
				70A6DA241A9ED88C0091946B /* Resources */,
			);
			buildRules = (
			);
			dependencies = (
			);
			name = "Photo App";
			productName = "Photo App";
			productReference = 70A6DA261A9ED88C0091946B /* Photo App.app */;
			productType = "com.apple.product-type.application";
		};
		70A6DA3A1A9ED88C0091946B /* Photo AppTests */ = {
			isa = PBXNativeTarget;
			buildConfigurationList = 70A6DA481A9ED88C0091946B /* Build configuration list for PBXNativeTarget "Photo AppTests" */;
			buildPhases = (
				70A6DA371A9ED88C0091946B /* Sources */,
				70A6DA381A9ED88C0091946B /* Frameworks */,
				70A6DA391A9ED88C0091946B /* Resources */,
			);
			buildRules = (
			);
			dependencies = (
				70A6DA3D1A9ED88C0091946B /* PBXTargetDependency */,
			);
			name = "Photo AppTests";
			productName = "Photo AppTests";
			productReference = 70A6DA3B1A9ED88C0091946B /* Photo AppTests.xctest */;
			productType = "com.apple.product-type.bundle.unit-test";
		};
/* End PBXNativeTarget section */

/* Begin PBXProject section */
		70A6DA1E1A9ED88C0091946B /* Project object */ = {
			isa = PBXProject;
			attributes = {
				LastUpgradeCheck = 0610;
				ORGANIZATIONNAME = "Patrick Wong";
				TargetAttributes = {
					70A6DA251A9ED88C0091946B = {
						CreatedOnToolsVersion = 6.1.1;
					};
					70A6DA3A1A9ED88C0091946B = {
						CreatedOnToolsVersion = 6.1.1;
						TestTargetID = 70A6DA251A9ED88C0091946B;
					};
				};
			};
			buildConfigurationList = 70A6DA211A9ED88C0091946B /* Build configuration list for PBXProject "Photo App" */;
			compatibilityVersion = "Xcode 3.2";
			developmentRegion = English;
			hasScannedForEncodings = 0;
			knownRegions = (
				en,
				Base,
			);
			mainGroup = 70A6DA1D1A9ED88C0091946B;
			productRefGroup = 70A6DA271A9ED88C0091946B /* Products */;
			projectDirPath = "";
			projectRoot = "";
			targets = (
				70A6DA251A9ED88C0091946B /* Photo App */,
				70A6DA3A1A9ED88C0091946B /* Photo AppTests */,
			);
		};
/* End PBXProject section */

/* Begin PBXResourcesBuildPhase section */
		70A6DA241A9ED88C0091946B /* Resources */ = {
			isa = PBXResourcesBuildPhase;
			buildActionMask = 2147483647;
			files = (
				70A6DA311A9ED88C0091946B /* Main.storyboard in Resources */,
				70A6DA361A9ED88C0091946B /* LaunchScreen.xib in Resources */,
				70A6DA331A9ED88C0091946B /* Images.xcassets in Resources */,
			);
			runOnlyForDeploymentPostprocessing = 0;
		};
		70A6DA391A9ED88C0091946B /* Resources */ = {
			isa = PBXResourcesBuildPhase;
			buildActionMask = 2147483647;
			files = (
			);
			runOnlyForDeploymentPostprocessing = 0;
		};
/* End PBXResourcesBuildPhase section */

/* Begin PBXSourcesBuildPhase section */
		70A6DA221A9ED88C0091946B /* Sources */ = {
			isa = PBXSourcesBuildPhase;
			buildActionMask = 2147483647;
			files = (
				70EBEE3F1AA548FD00E5ACF4 /* CameraRollViewController.swift in Sources */,
				D40037E91AAF8E7C006901D7 /* PhotoCell.swift in Sources */,
				D4CC5D0C1AAE7FEF004BEF37 /* PhotoCollectionViewController.swift in Sources */,
				D4CC5D0E1AAE8002004BEF37 /* PhotoDetailViewController.swift in Sources */,
				70A6DA2C1A9ED88C0091946B /* AppDelegate.swift in Sources */,
			);
			runOnlyForDeploymentPostprocessing = 0;
		};
		70A6DA371A9ED88C0091946B /* Sources */ = {
			isa = PBXSourcesBuildPhase;
			buildActionMask = 2147483647;
			files = (
				70A6DA421A9ED88C0091946B /* Photo_AppTests.swift in Sources */,
			);
			runOnlyForDeploymentPostprocessing = 0;
		};
/* End PBXSourcesBuildPhase section */

/* Begin PBXTargetDependency section */
		70A6DA3D1A9ED88C0091946B /* PBXTargetDependency */ = {
			isa = PBXTargetDependency;
			target = 70A6DA251A9ED88C0091946B /* Photo App */;
			targetProxy = 70A6DA3C1A9ED88C0091946B /* PBXContainerItemProxy */;
		};
/* End PBXTargetDependency section */

/* Begin PBXVariantGroup section */
		70A6DA2F1A9ED88C0091946B /* Main.storyboard */ = {
			isa = PBXVariantGroup;
			children = (
				70A6DA301A9ED88C0091946B /* Base */,
			);
			name = Main.storyboard;
			sourceTree = "<group>";
		};
		70A6DA341A9ED88C0091946B /* LaunchScreen.xib */ = {
			isa = PBXVariantGroup;
			children = (
				70A6DA351A9ED88C0091946B /* Base */,
			);
			name = LaunchScreen.xib;
			sourceTree = "<group>";
		};
/* End PBXVariantGroup section */

/* Begin XCBuildConfiguration section */
		70A6DA431A9ED88C0091946B /* Debug */ = {
			isa = XCBuildConfiguration;
			buildSettings = {
				ALWAYS_SEARCH_USER_PATHS = NO;
				CLANG_CXX_LANGUAGE_STANDARD = "gnu++0x";
				CLANG_CXX_LIBRARY = "libc++";
				CLANG_ENABLE_MODULES = YES;
				CLANG_ENABLE_OBJC_ARC = YES;
				CLANG_WARN_BOOL_CONVERSION = YES;
				CLANG_WARN_CONSTANT_CONVERSION = YES;
				CLANG_WARN_DIRECT_OBJC_ISA_USAGE = YES_ERROR;
				CLANG_WARN_EMPTY_BODY = YES;
				CLANG_WARN_ENUM_CONVERSION = YES;
				CLANG_WARN_INT_CONVERSION = YES;
				CLANG_WARN_OBJC_ROOT_CLASS = YES_ERROR;
				CLANG_WARN_UNREACHABLE_CODE = YES;
				CLANG_WARN__DUPLICATE_METHOD_MATCH = YES;
				"CODE_SIGN_IDENTITY[sdk=iphoneos*]" = "iPhone Developer";
				COPY_PHASE_STRIP = NO;
				ENABLE_STRICT_OBJC_MSGSEND = YES;
				GCC_C_LANGUAGE_STANDARD = gnu99;
				GCC_DYNAMIC_NO_PIC = NO;
				GCC_OPTIMIZATION_LEVEL = 0;
				GCC_PREPROCESSOR_DEFINITIONS = (
					"DEBUG=1",
					"$(inherited)",
				);
				GCC_SYMBOLS_PRIVATE_EXTERN = NO;
				GCC_WARN_64_TO_32_BIT_CONVERSION = YES;
				GCC_WARN_ABOUT_RETURN_TYPE = YES_ERROR;
				GCC_WARN_UNDECLARED_SELECTOR = YES;
				GCC_WARN_UNINITIALIZED_AUTOS = YES_AGGRESSIVE;
				GCC_WARN_UNUSED_FUNCTION = YES;
				GCC_WARN_UNUSED_VARIABLE = YES;
				IPHONEOS_DEPLOYMENT_TARGET = 8.1;
				MTL_ENABLE_DEBUG_INFO = YES;
				ONLY_ACTIVE_ARCH = YES;
				SDKROOT = iphoneos;
				SWIFT_OPTIMIZATION_LEVEL = "-Onone";
			};
			name = Debug;
		};
		70A6DA441A9ED88C0091946B /* Release */ = {
			isa = XCBuildConfiguration;
			buildSettings = {
				ALWAYS_SEARCH_USER_PATHS = NO;
				CLANG_CXX_LANGUAGE_STANDARD = "gnu++0x";
				CLANG_CXX_LIBRARY = "libc++";
				CLANG_ENABLE_MODULES = YES;
				CLANG_ENABLE_OBJC_ARC = YES;
				CLANG_WARN_BOOL_CONVERSION = YES;
				CLANG_WARN_CONSTANT_CONVERSION = YES;
				CLANG_WARN_DIRECT_OBJC_ISA_USAGE = YES_ERROR;
				CLANG_WARN_EMPTY_BODY = YES;
				CLANG_WARN_ENUM_CONVERSION = YES;
				CLANG_WARN_INT_CONVERSION = YES;
				CLANG_WARN_OBJC_ROOT_CLASS = YES_ERROR;
				CLANG_WARN_UNREACHABLE_CODE = YES;
				CLANG_WARN__DUPLICATE_METHOD_MATCH = YES;
				"CODE_SIGN_IDENTITY[sdk=iphoneos*]" = "iPhone Developer";
				COPY_PHASE_STRIP = YES;
				ENABLE_NS_ASSERTIONS = NO;
				ENABLE_STRICT_OBJC_MSGSEND = YES;
				GCC_C_LANGUAGE_STANDARD = gnu99;
				GCC_WARN_64_TO_32_BIT_CONVERSION = YES;
				GCC_WARN_ABOUT_RETURN_TYPE = YES_ERROR;
				GCC_WARN_UNDECLARED_SELECTOR = YES;
				GCC_WARN_UNINITIALIZED_AUTOS = YES_AGGRESSIVE;
				GCC_WARN_UNUSED_FUNCTION = YES;
				GCC_WARN_UNUSED_VARIABLE = YES;
				IPHONEOS_DEPLOYMENT_TARGET = 8.1;
				MTL_ENABLE_DEBUG_INFO = NO;
				SDKROOT = iphoneos;
				VALIDATE_PRODUCT = YES;
			};
			name = Release;
		};
		70A6DA461A9ED88C0091946B /* Debug */ = {
			isa = XCBuildConfiguration;
			buildSettings = {
				ASSETCATALOG_COMPILER_APPICON_NAME = AppIcon;
				INFOPLIST_FILE = "Photo App/Info.plist";
				LD_RUNPATH_SEARCH_PATHS = "$(inherited) @executable_path/Frameworks";
				PRODUCT_NAME = "$(TARGET_NAME)";
			};
			name = Debug;
		};
		70A6DA471A9ED88C0091946B /* Release */ = {
			isa = XCBuildConfiguration;
			buildSettings = {
				ASSETCATALOG_COMPILER_APPICON_NAME = AppIcon;
				INFOPLIST_FILE = "Photo App/Info.plist";
				LD_RUNPATH_SEARCH_PATHS = "$(inherited) @executable_path/Frameworks";
				PRODUCT_NAME = "$(TARGET_NAME)";
			};
			name = Release;
		};
		70A6DA491A9ED88C0091946B /* Debug */ = {
			isa = XCBuildConfiguration;
			buildSettings = {
				BUNDLE_LOADER = "$(TEST_HOST)";
				FRAMEWORK_SEARCH_PATHS = (
					"$(SDKROOT)/Developer/Library/Frameworks",
					"$(inherited)",
				);
				GCC_PREPROCESSOR_DEFINITIONS = (
					"DEBUG=1",
					"$(inherited)",
				);
				INFOPLIST_FILE = "Photo AppTests/Info.plist";
				LD_RUNPATH_SEARCH_PATHS = "$(inherited) @executable_path/Frameworks @loader_path/Frameworks";
				PRODUCT_NAME = "$(TARGET_NAME)";
				TEST_HOST = "$(BUILT_PRODUCTS_DIR)/Photo App.app/Photo App";
			};
			name = Debug;
		};
		70A6DA4A1A9ED88C0091946B /* Release */ = {
			isa = XCBuildConfiguration;
			buildSettings = {
				BUNDLE_LOADER = "$(TEST_HOST)";
				FRAMEWORK_SEARCH_PATHS = (
					"$(SDKROOT)/Developer/Library/Frameworks",
					"$(inherited)",
				);
				INFOPLIST_FILE = "Photo AppTests/Info.plist";
				LD_RUNPATH_SEARCH_PATHS = "$(inherited) @executable_path/Frameworks @loader_path/Frameworks";
				PRODUCT_NAME = "$(TARGET_NAME)";
				TEST_HOST = "$(BUILT_PRODUCTS_DIR)/Photo App.app/Photo App";
			};
			name = Release;
		};
/* End XCBuildConfiguration section */

/* Begin XCConfigurationList section */
		70A6DA211A9ED88C0091946B /* Build configuration list for PBXProject "Photo App" */ = {
			isa = XCConfigurationList;
			buildConfigurations = (
				70A6DA431A9ED88C0091946B /* Debug */,
				70A6DA441A9ED88C0091946B /* Release */,
			);
			defaultConfigurationIsVisible = 0;
			defaultConfigurationName = Release;
		};
		70A6DA451A9ED88C0091946B /* Build configuration list for PBXNativeTarget "Photo App" */ = {
			isa = XCConfigurationList;
			buildConfigurations = (
				70A6DA461A9ED88C0091946B /* Debug */,
				70A6DA471A9ED88C0091946B /* Release */,
			);
			defaultConfigurationIsVisible = 0;
			defaultConfigurationName = Release;
		};
		70A6DA481A9ED88C0091946B /* Build configuration list for PBXNativeTarget "Photo AppTests" */ = {
			isa = XCConfigurationList;
			buildConfigurations = (
				70A6DA491A9ED88C0091946B /* Debug */,
				70A6DA4A1A9ED88C0091946B /* Release */,
			);
			defaultConfigurationIsVisible = 0;
			defaultConfigurationName = Release;
		};
/* End XCConfigurationList section */
	};
	rootObject = 70A6DA1E1A9ED88C0091946B /* Project object */;
}
